
Microsoft Visual Studio Solution File, Format Version 12.00
# Visual Studio Version 17
VisualStudioVersion = 17.13.35828.75
MinimumVisualStudioVersion = 10.0.40219.1
Project("{2150E333-8FDC-42A3-9474-1A3956D46DE8}") = "src", "src", "{02EA681E-C7D8-13C7-8484-4AC65E1B71E8}"
EndProject
Project("{2150E333-8FDC-42A3-9474-1A3956D46DE8}") = "tests", "tests", "{BE496CA6-E248-44DA-9AD0-02BF1851969E}"
EndProject
Project("{FAE04EC0-301F-11D3-BF4B-00C04F79EFBC}") = "Certifast.Console", "src\Certifast.Console\Certifast.Console.csproj", "{7C094C01-FD2B-D617-7311-05D7F8A1B4BC}"
EndProject
Project("{FAE04EC0-301F-11D3-BF4B-00C04F79EFBC}") = "Certifast.Console.Unit.Tests", "tests\Certifast.Console.Unit.Tests\Certifast.Console.Unit.Tests.csproj", "{55277A07-CDB0-4D57-B84D-1734EAA1EBE4}"
EndProject
Global
	GlobalSection(SolutionConfigurationPlatforms) = preSolution
		Debug|Any CPU = Debug|Any CPU
		Release|Any CPU = Release|Any CPU
	EndGlobalSection
	GlobalSection(ProjectConfigurationPlatforms) = postSolution
		{7C094C01-FD2B-D617-7311-05D7F8A1B4BC}.Debug|Any CPU.ActiveCfg = Debug|Any CPU
		{7C094C01-FD2B-D617-7311-05D7F8A1B4BC}.Debug|Any CPU.Build.0 = Debug|Any CPU
		{7C094C01-FD2B-D617-7311-05D7F8A1B4BC}.Release|Any CPU.ActiveCfg = Release|Any CPU
		{7C094C01-FD2B-D617-7311-05D7F8A1B4BC}.Release|Any CPU.Build.0 = Release|Any CPU
		{55277A07-CDB0-4D57-B84D-1734EAA1EBE4}.Debug|Any CPU.ActiveCfg = Debug|Any CPU
		{55277A07-CDB0-4D57-B84D-1734EAA1EBE4}.Debug|Any CPU.Build.0 = Debug|Any CPU
		{55277A07-CDB0-4D57-B84D-1734EAA1EBE4}.Release|Any CPU.ActiveCfg = Release|Any CPU
		{55277A07-CDB0-4D57-B84D-1734EAA1EBE4}.Release|Any CPU.Build.0 = Release|Any CPU
	EndGlobalSection
	GlobalSection(SolutionProperties) = preSolution
		HideSolutionNode = FALSE
	EndGlobalSection
	GlobalSection(NestedProjects) = preSolution
		{7C094C01-FD2B-D617-7311-05D7F8A1B4BC} = {02EA681E-C7D8-13C7-8484-4AC65E1B71E8}
		{55277A07-CDB0-4D57-B84D-1734EAA1EBE4} = {BE496CA6-E248-44DA-9AD0-02BF1851969E}
	EndGlobalSection
	GlobalSection(ExtensibilityGlobals) = postSolution
		SolutionGuid = {BCC9D2DC-44D5-4F04-ABAE-40B2B2E4BEFE}
	EndGlobalSection
EndGlobal
